# THIS IS AN AUTOGENERATED FILE. DO NOT EDIT THIS FILE DIRECTLY.
# yarn lockfile v1


async@1.5.2:
  version "1.5.2"
  resolved "https://registry.yarnpkg.com/async/-/async-1.5.2.tgz#ec6a61ae56480c0c3cb241c95618e20892f9672a"

is-number-like@^1.0.3:
  version "1.0.8"
  resolved "https://registry.yarnpkg.com/is-number-like/-/is-number-like-1.0.8.tgz#2e129620b50891042e44e9bbbb30593e75cfbbe3"
  dependencies:
    lodash.isfinite "^3.3.2"

lodash.isfinite@^3.3.2:
  version "3.3.2"
  resolved "https://registry.yarnpkg.com/lodash.isfinite/-/lodash.isfinite-3.3.2.tgz#fb89b65a9a80281833f0b7478b3a5104f898ebb3"

pify@^3.0.0:
  version "3.0.0"
  resolved "https://registry.yarnpkg.com/pify/-/pify-3.0.0.tgz#e5a4acd2c101fdf3d9a4d07f0dbc4db49dd28176"

portscanner@^2.1.1:
  version "2.1.1"
  resolved "https://registry.yarnpkg.com/portscanner/-/portscanner-2.1.1.tgz#eabb409e4de24950f5a2a516d35ae769343fbb96"
  dependencies:
    async "1.5.2"
    is-number-like "^1.0.3"
